# THIS IS AN AUTOGENERATED FILE. DO NOT EDIT THIS FILE DIRECTLY.
# yarn lockfile v1


"@trysound/sax@0.2.0":
  version "0.2.0"
  resolved "https://registry.yarnpkg.com/@trysound/sax/-/sax-0.2.0.tgz#cccaab758af56761eb7bf37af6f03f326dd798ad"
  integrity sha512-L7z9BgrNEcYyUYtF+HaEfiS5ebkh9jXqbszz7pC0hRBPaatV0XjSD3+eHrpqFemQfgwiFF0QPIarnIihIDn7OA==

alphanum-sort@^1.0.2:
  version "1.0.2"
  resolved "https://registry.yarnpkg.com/alphanum-sort/-/alphanum-sort-1.0.2.tgz#97a1119649b211ad33691d9f9f486a8ec9fbe0a3"
  integrity sha1-l6ERlkmyEa0zaR2fn0hqjsn74KM=

boolbase@^1.0.0:
  version "1.0.0"
  resolved "https://registry.yarnpkg.com/boolbase/-/boolbase-1.0.0.tgz#68dff5fbe60c51eb37725ea9e3ed310dcc1e776e"
  integrity sha1-aN/1++YMUes3cl6p4+0xDcwed24=

browserslist@^4.0.0, browserslist@^4.16.0, browserslist@^4.16.6:
  version "4.17.0"
  resolved "https://registry.yarnpkg.com/browserslist/-/browserslist-4.17.0.tgz#1fcd81ec75b41d6d4994fb0831b92ac18c01649c"
  integrity sha512-g2BJ2a0nEYvEFQC208q8mVAhfNwpZ5Mu8BwgtCdZKO3qx98HChmeg448fPdUzld8aFmfLgVh7yymqV+q1lJZ5g==
  dependencies:
    caniuse-lite "^1.0.30001254"
    colorette "^1.3.0"
    electron-to-chromium "^1.3.830"
    escalade "^3.1.1"
    node-releases "^1.1.75"

caniuse-api@^3.0.0:
  version "3.0.0"
  resolved "https://registry.yarnpkg.com/caniuse-api/-/caniuse-api-3.0.0.tgz#5e4d90e2274961d46291997df599e3ed008ee4c0"
  integrity sha512-bsTwuIg/BZZK/vreVTYYbSWoe2F+71P7K5QGEX+pT250DZbfU1MQ5prOKpPR+LL6uWKK3KMwMCAS74QB3Um1uw==
  dependencies:
    browserslist "^4.0.0"
    caniuse-lite "^1.0.0"
    lodash.memoize "^4.1.2"
    lodash.uniq "^4.5.0"

caniuse-lite@^1.0.0, caniuse-lite@^1.0.30001254:
  version "1.0.30001258"
  resolved "https://registry.yarnpkg.com/caniuse-lite/-/caniuse-lite-1.0.30001258.tgz#b604eed80cc54a578e4bf5a02ae3ed49f869d252"
  integrity sha512-RBByOG6xWXUp0CR2/WU2amXz3stjKpSl5J1xU49F1n2OxD//uBZO4wCKUiG+QMGf7CHGfDDcqoKriomoGVxTeA==

colord@^2.0.1, colord@^2.6:
  version "2.7.0"
  resolved "https://registry.yarnpkg.com/colord/-/colord-2.7.0.tgz#706ea36fe0cd651b585eb142fe64b6480185270e"
  integrity sha512-pZJBqsHz+pYyw3zpX6ZRXWoCHM1/cvFikY9TV8G3zcejCaKE0lhankoj8iScyrrePA8C7yJ5FStfA9zbcOnw7Q==

colorette@^1.2.2, colorette@^1.3.0, colorette@^1.4.0:
  version "1.4.0"
  resolved "https://registry.yarnpkg.com/colorette/-/colorette-1.4.0.tgz#5190fbb87276259a86ad700bff2c6d6faa3fca40"
  integrity sha512-Y2oEozpomLn7Q3HFP7dpww7AtMJplbM9lGZP6RDfHqmbeRjiwRg4n6VM6j4KLmRke85uWEI7JqF17f3pqdRA0g==

commander@^7.2.0:
  version "7.2.0"
  resolved "https://registry.yarnpkg.com/commander/-/commander-7.2.0.tgz#a36cb57d0b501ce108e4d20559a150a391d97ab7"
  integrity sha512-QrWXB+ZQSVPmIWIhtEO9H+gwHaMGYiF5ChvoJ+K9ZGHG/sVsa6yiesAD1GC/x46sET00Xlwo1u49RVVVzvcSkw==

css-color-names@^1.0.1:
  version "1.0.1"
  resolved "https://registry.yarnpkg.com/css-color-names/-/css-color-names-1.0.1.tgz#6ff7ee81a823ad46e020fa2fd6ab40a887e2ba67"
  integrity sha512-/loXYOch1qU1biStIFsHH8SxTmOseh1IJqFvy8IujXOm1h+QjUdDhkzOrR5HG8K8mlxREj0yfi8ewCHx0eMxzA==

css-declaration-sorter@^6.0.3:
  version "6.1.3"
  resolved "https://registry.yarnpkg.com/css-declaration-sorter/-/css-declaration-sorter-6.1.3.tgz#e9852e4cf940ba79f509d9425b137d1f94438dc2"
  integrity sha512-SvjQjNRZgh4ULK1LDJ2AduPKUKxIqmtU7ZAyi47BTV+M90Qvxr9AB6lKlLbDUfXqI9IQeYA8LbAsCZPpJEV3aA==
  dependencies:
    timsort "^0.3.0"

css-select@^4.1.3:
  version "4.1.3"
  resolved "https://registry.yarnpkg.com/css-select/-/css-select-4.1.3.tgz#a70440f70317f2669118ad74ff105e65849c7067"
  integrity sha512-gT3wBNd9Nj49rAbmtFHj1cljIAOLYSX1nZ8CB7TBO3INYckygm5B7LISU/szY//YmdiSLbJvDLOx9VnMVpMBxA==
  dependencies:
    boolbase "^1.0.0"
    css-what "^5.0.0"
    domhandler "^4.2.0"
    domutils "^2.6.0"
    nth-check "^2.0.0"

css-tree@^1.1.2, css-tree@^1.1.3:
  version "1.1.3"
  resolved "https://registry.yarnpkg.com/css-tree/-/css-tree-1.1.3.tgz#eb4870fb6fd7707327ec95c2ff2ab09b5e8db91d"
  integrity sha512-tRpdppF7TRazZrjJ6v3stzv93qxRcSsFmW6cX0Zm2NVKpxE1WV1HblnghVv9TreireHkqI/VDEsfolRF1p6y7Q==
  dependencies:
    mdn-data "2.0.14"
    source-map "^0.6.1"

css-what@^5.0.0:
  version "5.0.1"
  resolved "https://registry.yarnpkg.com/css-what/-/css-what-5.0.1.tgz#3efa820131f4669a8ac2408f9c32e7c7de9f4cad"
  integrity sha512-FYDTSHb/7KXsWICVsxdmiExPjCfRC4qRFBdVwv7Ax9hMnvMmEjP9RfxTEZ3qPZGmADDn2vAKSo9UcN1jKVYscg==

cssesc@^3.0.0:
  version "3.0.0"
  resolved "https://registry.yarnpkg.com/cssesc/-/cssesc-3.0.0.tgz#37741919903b868565e1c09ea747445cd18983ee"
  integrity sha512-/Tb/JcjK111nNScGob5MNtsntNM1aCNUDipB/TkwZFhyDrrE47SOx/18wF2bbjgc3ZzCSKW1T5nt5EbFoAz/Vg==

cssnano-preset-default@^5.1.4:
  version "5.1.4"
  resolved "https://registry.yarnpkg.com/cssnano-preset-default/-/cssnano-preset-default-5.1.4.tgz#359943bf00c5c8e05489f12dd25f3006f2c1cbd2"
  integrity sha512-sPpQNDQBI3R/QsYxQvfB4mXeEcWuw0wGtKtmS5eg8wudyStYMgKOQT39G07EbW1LB56AOYrinRS9f0ig4Y3MhQ==
  dependencies:
    css-declaration-sorter "^6.0.3"
    cssnano-utils "^2.0.1"
    postcss-calc "^8.0.0"
    postcss-colormin "^5.2.0"
    postcss-convert-values "^5.0.1"
    postcss-discard-comments "^5.0.1"
    postcss-discard-duplicates "^5.0.1"
    postcss-discard-empty "^5.0.1"
    postcss-discard-overridden "^5.0.1"
    postcss-merge-longhand "^5.0.2"
    postcss-merge-rules "^5.0.2"
    postcss-minify-font-values "^5.0.1"
    postcss-minify-gradients "^5.0.2"
    postcss-minify-params "^5.0.1"
    postcss-minify-selectors "^5.1.0"
    postcss-normalize-charset "^5.0.1"
    postcss-normalize-display-values "^5.0.1"
    postcss-normalize-positions "^5.0.1"
    postcss-normalize-repeat-style "^5.0.1"
    postcss-normalize-string "^5.0.1"
    postcss-normalize-timing-functions "^5.0.1"
    postcss-normalize-unicode "^5.0.1"
    postcss-normalize-url "^5.0.2"
    postcss-normalize-whitespace "^5.0.1"
    postcss-ordered-values "^5.0.2"
    postcss-reduce-initial "^5.0.1"
    postcss-reduce-transforms "^5.0.1"
    postcss-svgo "^5.0.2"
    postcss-unique-selectors "^5.0.1"

cssnano-utils@^2.0.1:
  version "2.0.1"
  resolved "https://registry.yarnpkg.com/cssnano-utils/-/cssnano-utils-2.0.1.tgz#8660aa2b37ed869d2e2f22918196a9a8b6498ce2"
  integrity sha512-i8vLRZTnEH9ubIyfdZCAdIdgnHAUeQeByEeQ2I7oTilvP9oHO6RScpeq3GsFUVqeB8uZgOQ9pw8utofNn32hhQ==

cssnano@^5.0.8:
  version "5.0.8"
  resolved "https://registry.yarnpkg.com/cssnano/-/cssnano-5.0.8.tgz#39ad166256980fcc64faa08c9bb18bb5789ecfa9"
  integrity sha512-Lda7geZU0Yu+RZi2SGpjYuQz4HI4/1Y+BhdD0jL7NXAQ5larCzVn+PUGuZbDMYz904AXXCOgO5L1teSvgu7aFg==
  dependencies:
    cssnano-preset-default "^5.1.4"
    is-resolvable "^1.1.0"
    lilconfig "^2.0.3"
    yaml "^1.10.2"

csso@^4.2.0:
  version "4.2.0"
  resolved "https://registry.yarnpkg.com/csso/-/csso-4.2.0.tgz#ea3a561346e8dc9f546d6febedd50187cf389529"
  integrity sha512-wvlcdIbf6pwKEk7vHj8/Bkc0B4ylXZruLvOgs9doS5eOsOpuodOV2zJChSpkp+pRpYQLQMeF04nr3Z68Sta9jA==
  dependencies:
    css-tree "^1.1.2"

date-fns@^2.24.0:
  version "2.24.0"
  resolved "https://registry.yarnpkg.com/date-fns/-/date-fns-2.24.0.tgz#7d86dc0d93c87b76b63d213b4413337cfd1c105d"
  integrity sha512-6ujwvwgPID6zbI0o7UbURi2vlLDR9uP26+tW6Lg+Ji3w7dd0i3DOcjcClLjLPranT60SSEFBwdSyYwn/ZkPIuw==

dom-serializer@^1.0.1:
  version "1.3.2"
  resolved "https://registry.yarnpkg.com/dom-serializer/-/dom-serializer-1.3.2.tgz#6206437d32ceefaec7161803230c7a20bc1b4d91"
  integrity sha512-5c54Bk5Dw4qAxNOI1pFEizPSjVsx5+bpJKmL2kPn8JhBUq2q09tTCa3mjijun2NfK78NMouDYNMBkOrPZiS+ig==
  dependencies:
    domelementtype "^2.0.1"
    domhandler "^4.2.0"
    entities "^2.0.0"

domelementtype@^2.0.1, domelementtype@^2.2.0:
  version "2.2.0"
  resolved "https://registry.yarnpkg.com/domelementtype/-/domelementtype-2.2.0.tgz#9a0b6c2782ed6a1c7323d42267183df9bd8b1d57"
  integrity sha512-DtBMo82pv1dFtUmHyr48beiuq792Sxohr+8Hm9zoxklYPfa6n0Z3Byjj2IV7bmr2IyqClnqEQhfgHJJ5QF0R5A==

domhandler@^4.2.0:
  version "4.2.2"
  resolved "https://registry.yarnpkg.com/domhandler/-/domhandler-4.2.2.tgz#e825d721d19a86b8c201a35264e226c678ee755f"
  integrity sha512-PzE9aBMsdZO8TK4BnuJwH0QT41wgMbRzuZrHUcpYncEjmQazq8QEaBWgLG7ZyC/DAZKEgglpIA6j4Qn/HmxS3w==
  dependencies:
    domelementtype "^2.2.0"

domutils@^2.6.0:
  version "2.8.0"
  resolved "https://registry.yarnpkg.com/domutils/-/domutils-2.8.0.tgz#4437def5db6e2d1f5d6ee859bd95ca7d02048135"
  integrity sha512-w96Cjofp72M5IIhpjgobBimYEfoPjx1Vx0BSX9P30WBdZW2WIKU0T1Bd0kz2eNZ9ikjKgHbEyKx8BB6H1L3h3A==
  dependencies:
    dom-serializer "^1.0.1"
    domelementtype "^2.2.0"
    domhandler "^4.2.0"

electron-to-chromium@^1.3.830:
  version "1.3.843"
  resolved "https://registry.yarnpkg.com/electron-to-chromium/-/electron-to-chromium-1.3.843.tgz#671489bd2f59fd49b76adddc1aa02c88cd38a5c0"
  integrity sha512-OWEwAbzaVd1Lk9MohVw8LxMXFlnYd9oYTYxfX8KS++kLLjDfbovLOcEEXwRhG612dqGQ6+44SZvim0GXuBRiKg==

entities@^2.0.0:
  version "2.2.0"
  resolved "https://registry.yarnpkg.com/entities/-/entities-2.2.0.tgz#098dc90ebb83d8dffa089d55256b351d34c4da55"
  integrity sha512-p92if5Nz619I0w+akJrLZH0MX0Pb5DX39XOwQTtXSdQQOaYH03S1uIQp4mhOZtAXrxq4ViO67YTiLBo2638o9A==

escalade@^3.1.1:
  version "3.1.1"
  resolved "https://registry.yarnpkg.com/escalade/-/escalade-3.1.1.tgz#d8cfdc7000965c5a0174b4a82eaa5c0552742e40"
  integrity sha512-k0er2gUkLf8O0zKJiAhmkTnJlTvINGv7ygDNPbeIsX/TJjGJZHuh9B2UxbsaEkmlEo9MfhrSzmhIlhRlI2GXnw==

is-absolute-url@^3.0.3:
  version "3.0.3"
  resolved "https://registry.yarnpkg.com/is-absolute-url/-/is-absolute-url-3.0.3.tgz#96c6a22b6a23929b11ea0afb1836c36ad4a5d698"
  integrity sha512-opmNIX7uFnS96NtPmhWQgQx6/NYFgsUXYMllcfzwWKUMwfo8kku1TvE6hkNcH+Q1ts5cMVrsY7j0bxXQDciu9Q==

is-resolvable@^1.1.0:
  version "1.1.0"
  resolved "https://registry.yarnpkg.com/is-resolvable/-/is-resolvable-1.1.0.tgz#fb18f87ce1feb925169c9a407c19318a3206ed88"
  integrity sha512-qgDYXFSR5WvEfuS5dMj6oTMEbrrSaM0CrFk2Yiq/gXnBvD9pMa2jGXxyhGLfvhZpuMZe18CJpFxAt3CRs42NMg==

lilconfig@^2.0.3:
  version "2.0.3"
  resolved "https://registry.yarnpkg.com/lilconfig/-/lilconfig-2.0.3.tgz#68f3005e921dafbd2a2afb48379986aa6d2579fd"
  integrity sha512-EHKqr/+ZvdKCifpNrJCKxBTgk5XupZA3y/aCPY9mxfgBzmgh93Mt/WqjjQ38oMxXuvDokaKiM3lAgvSH2sjtHg==

lodash.memoize@^4.1.2:
  version "4.1.2"
  resolved "https://registry.yarnpkg.com/lodash.memoize/-/lodash.memoize-4.1.2.tgz#bcc6c49a42a2840ed997f323eada5ecd182e0bfe"
  integrity sha1-vMbEmkKihA7Zl/Mj6tpezRguC/4=

lodash.uniq@^4.5.0:
  version "4.5.0"
  resolved "https://registry.yarnpkg.com/lodash.uniq/-/lodash.uniq-4.5.0.tgz#d0225373aeb652adc1bc82e4945339a842754773"
  integrity sha1-0CJTc662Uq3BvILklFM5qEJ1R3M=

mdn-data@2.0.14:
  version "2.0.14"
  resolved "https://registry.yarnpkg.com/mdn-data/-/mdn-data-2.0.14.tgz#7113fc4281917d63ce29b43446f701e68c25ba50"
  integrity sha512-dn6wd0uw5GsdswPFfsgMp5NSB0/aDe6fK94YJV/AJDYXL6HVLWBsxeq7js7Ad+mU2K9LAlwpk6kN2D5mwCPVow==

nanoid@^3.1.23:
  version "3.1.25"
  resolved "https://registry.yarnpkg.com/nanoid/-/nanoid-3.1.25.tgz#09ca32747c0e543f0e1814b7d3793477f9c8e152"
  integrity sha512-rdwtIXaXCLFAQbnfqDRnI6jaRHp9fTcYBjtFKE8eezcZ7LuLjhUaQGNeMXf1HmRoCH32CLz6XwX0TtxEOS/A3Q==

node-releases@^1.1.75:
  version "1.1.75"
  resolved "https://registry.yarnpkg.com/node-releases/-/node-releases-1.1.75.tgz#6dd8c876b9897a1b8e5a02de26afa79bb54ebbfe"
  integrity sha512-Qe5OUajvqrqDSy6wrWFmMwfJ0jVgwiw4T3KqmbTcZ62qW0gQkheXYhcFM1+lOVcGUoRxcEcfyvFMAnDgaF1VWw==

normalize-url@^6.0.1:
  version "6.1.0"
  resolved "https://registry.yarnpkg.com/normalize-url/-/normalize-url-6.1.0.tgz#40d0885b535deffe3f3147bec877d05fe4c5668a"
  integrity sha512-DlL+XwOy3NxAQ8xuC0okPgK46iuVNAK01YN7RueYBqqFeGsBjV9XmCAzAdgt+667bCl5kPh9EqKKDwnaPG1I7A==

nth-check@^2.0.0:
  version "2.0.1"
  resolved "https://registry.yarnpkg.com/nth-check/-/nth-check-2.0.1.tgz#2efe162f5c3da06a28959fbd3db75dbeea9f0fc2"
  integrity sha512-it1vE95zF6dTT9lBsYbxvqh0Soy4SPowchj0UBGj/V6cTPnXXtQOPUbhZ6CmGzAD/rW22LQK6E96pcdJXk4A4w==
  dependencies:
    boolbase "^1.0.0"

postcss-calc@^8.0.0:
  version "8.0.0"
  resolved "https://registry.yarnpkg.com/postcss-calc/-/postcss-calc-8.0.0.tgz#a05b87aacd132740a5db09462a3612453e5df90a"
  integrity sha512-5NglwDrcbiy8XXfPM11F3HeC6hoT9W7GUH/Zi5U/p7u3Irv4rHhdDcIZwG0llHXV4ftsBjpfWMXAnXNl4lnt8g==
  dependencies:
    postcss-selector-parser "^6.0.2"
    postcss-value-parser "^4.0.2"

postcss-colormin@^5.2.0:
  version "5.2.0"
  resolved "https://registry.yarnpkg.com/postcss-colormin/-/postcss-colormin-5.2.0.tgz#2b620b88c0ff19683f3349f4cf9e24ebdafb2c88"
  integrity sha512-+HC6GfWU3upe5/mqmxuqYZ9B2Wl4lcoUUNkoaX59nEWV4EtADCMiBqui111Bu8R8IvaZTmqmxrqOAqjbHIwXPw==
  dependencies:
    browserslist "^4.16.6"
    caniuse-api "^3.0.0"
    colord "^2.0.1"
    postcss-value-parser "^4.1.0"

postcss-convert-values@^5.0.1:
  version "5.0.1"
  resolved "https://registry.yarnpkg.com/postcss-convert-values/-/postcss-convert-values-5.0.1.tgz#4ec19d6016534e30e3102fdf414e753398645232"
  integrity sha512-C3zR1Do2BkKkCgC0g3sF8TS0koF2G+mN8xxayZx3f10cIRmTaAnpgpRQZjNekTZxM2ciSPoh2IWJm0VZx8NoQg==
  dependencies:
    postcss-value-parser "^4.1.0"

postcss-discard-comments@^5.0.1:
  version "5.0.1"
  resolved "https://registry.yarnpkg.com/postcss-discard-comments/-/postcss-discard-comments-5.0.1.tgz#9eae4b747cf760d31f2447c27f0619d5718901fe"
  integrity sha512-lgZBPTDvWrbAYY1v5GYEv8fEO/WhKOu/hmZqmCYfrpD6eyDWWzAOsl2rF29lpvziKO02Gc5GJQtlpkTmakwOWg==

postcss-discard-duplicates@^5.0.1:
  version "5.0.1"
  resolved "https://registry.yarnpkg.com/postcss-discard-duplicates/-/postcss-discard-duplicates-5.0.1.tgz#68f7cc6458fe6bab2e46c9f55ae52869f680e66d"
  integrity sha512-svx747PWHKOGpAXXQkCc4k/DsWo+6bc5LsVrAsw+OU+Ibi7klFZCyX54gjYzX4TH+f2uzXjRviLARxkMurA2bA==

postcss-discard-empty@^5.0.1:
  version "5.0.1"
  resolved "https://registry.yarnpkg.com/postcss-discard-empty/-/postcss-discard-empty-5.0.1.tgz#ee136c39e27d5d2ed4da0ee5ed02bc8a9f8bf6d8"
  integrity sha512-vfU8CxAQ6YpMxV2SvMcMIyF2LX1ZzWpy0lqHDsOdaKKLQVQGVP1pzhrI9JlsO65s66uQTfkQBKBD/A5gp9STFw==

postcss-discard-overridden@^5.0.1:
  version "5.0.1"
  resolved "https://registry.yarnpkg.com/postcss-discard-overridden/-/postcss-discard-overridden-5.0.1.tgz#454b41f707300b98109a75005ca4ab0ff2743ac6"
  integrity sha512-Y28H7y93L2BpJhrdUR2SR2fnSsT+3TVx1NmVQLbcnZWwIUpJ7mfcTC6Za9M2PG6w8j7UQRfzxqn8jU2VwFxo3Q==

postcss-merge-longhand@^5.0.2:
  version "5.0.2"
  resolved "https://registry.yarnpkg.com/postcss-merge-longhand/-/postcss-merge-longhand-5.0.2.tgz#277ada51d9a7958e8ef8cf263103c9384b322a41"
  integrity sha512-BMlg9AXSI5G9TBT0Lo/H3PfUy63P84rVz3BjCFE9e9Y9RXQZD3+h3YO1kgTNsNJy7bBc1YQp8DmSnwLIW5VPcw==
  dependencies:
    css-color-names "^1.0.1"
    postcss-value-parser "^4.1.0"
    stylehacks "^5.0.1"

postcss-merge-rules@^5.0.2:
  version "5.0.2"
  resolved "https://registry.yarnpkg.com/postcss-merge-rules/-/postcss-merge-rules-5.0.2.tgz#d6e4d65018badbdb7dcc789c4f39b941305d410a"
  integrity sha512-5K+Md7S3GwBewfB4rjDeol6V/RZ8S+v4B66Zk2gChRqLTCC8yjnHQ601omj9TKftS19OPGqZ/XzoqpzNQQLwbg==
  dependencies:
    browserslist "^4.16.6"
    caniuse-api "^3.0.0"
    cssnano-utils "^2.0.1"
    postcss-selector-parser "^6.0.5"
    vendors "^1.0.3"

postcss-minify-font-values@^5.0.1:
  version "5.0.1"
  resolved "https://registry.yarnpkg.com/postcss-minify-font-values/-/postcss-minify-font-values-5.0.1.tgz#a90cefbfdaa075bd3dbaa1b33588bb4dc268addf"
  integrity sha512-7JS4qIsnqaxk+FXY1E8dHBDmraYFWmuL6cgt0T1SWGRO5bzJf8sUoelwa4P88LEWJZweHevAiDKxHlofuvtIoA==
  dependencies:
    postcss-value-parser "^4.1.0"

postcss-minify-gradients@^5.0.2:
  version "5.0.2"
  resolved "https://registry.yarnpkg.com/postcss-minify-gradients/-/postcss-minify-gradients-5.0.2.tgz#7c175c108f06a5629925d698b3c4cf7bd3864ee5"
  integrity sha512-7Do9JP+wqSD6Prittitt2zDLrfzP9pqKs2EcLX7HJYxsxCOwrrcLt4x/ctQTsiOw+/8HYotAoqNkrzItL19SdQ==
  dependencies:
    colord "^2.6"
    cssnano-utils "^2.0.1"
    postcss-value-parser "^4.1.0"

postcss-minify-params@^5.0.1:
  version "5.0.1"
  resolved "https://registry.yarnpkg.com/postcss-minify-params/-/postcss-minify-params-5.0.1.tgz#371153ba164b9d8562842fdcd929c98abd9e5b6c"
  integrity sha512-4RUC4k2A/Q9mGco1Z8ODc7h+A0z7L7X2ypO1B6V8057eVK6mZ6xwz6QN64nHuHLbqbclkX1wyzRnIrdZehTEHw==
  dependencies:
    alphanum-sort "^1.0.2"
    browserslist "^4.16.0"
    cssnano-utils "^2.0.1"
    postcss-value-parser "^4.1.0"
    uniqs "^2.0.0"

postcss-minify-selectors@^5.1.0:
  version "5.1.0"
  resolved "https://registry.yarnpkg.com/postcss-minify-selectors/-/postcss-minify-selectors-5.1.0.tgz#4385c845d3979ff160291774523ffa54eafd5a54"
  integrity sha512-NzGBXDa7aPsAcijXZeagnJBKBPMYLaJJzB8CQh6ncvyl2sIndLVWfbcDi0SBjRWk5VqEjXvf8tYwzoKf4Z07og==
  dependencies:
    alphanum-sort "^1.0.2"
    postcss-selector-parser "^6.0.5"

postcss-normalize-charset@^5.0.1:
  version "5.0.1"
  resolved "https://registry.yarnpkg.com/postcss-normalize-charset/-/postcss-normalize-charset-5.0.1.tgz#121559d1bebc55ac8d24af37f67bd4da9efd91d0"
  integrity sha512-6J40l6LNYnBdPSk+BHZ8SF+HAkS4q2twe5jnocgd+xWpz/mx/5Sa32m3W1AA8uE8XaXN+eg8trIlfu8V9x61eg==

postcss-normalize-display-values@^5.0.1:
  version "5.0.1"
  resolved "https://registry.yarnpkg.com/postcss-normalize-display-values/-/postcss-normalize-display-values-5.0.1.tgz#62650b965981a955dffee83363453db82f6ad1fd"
  integrity sha512-uupdvWk88kLDXi5HEyI9IaAJTE3/Djbcrqq8YgjvAVuzgVuqIk3SuJWUisT2gaJbZm1H9g5k2w1xXilM3x8DjQ==
  dependencies:
    cssnano-utils "^2.0.1"
    postcss-value-parser "^4.1.0"

postcss-normalize-positions@^5.0.1:
  version "5.0.1"
  resolved "https://registry.yarnpkg.com/postcss-normalize-positions/-/postcss-normalize-positions-5.0.1.tgz#868f6af1795fdfa86fbbe960dceb47e5f9492fe5"
  integrity sha512-rvzWAJai5xej9yWqlCb1OWLd9JjW2Ex2BCPzUJrbaXmtKtgfL8dBMOOMTX6TnvQMtjk3ei1Lswcs78qKO1Skrg==
  dependencies:
    postcss-value-parser "^4.1.0"

postcss-normalize-repeat-style@^5.0.1:
  version "5.0.1"
  resolved "https://registry.yarnpkg.com/postcss-normalize-repeat-style/-/postcss-normalize-repeat-style-5.0.1.tgz#cbc0de1383b57f5bb61ddd6a84653b5e8665b2b5"
  integrity sha512-syZ2itq0HTQjj4QtXZOeefomckiV5TaUO6ReIEabCh3wgDs4Mr01pkif0MeVwKyU/LHEkPJnpwFKRxqWA/7O3w==
  dependencies:
    cssnano-utils "^2.0.1"
    postcss-value-parser "^4.1.0"

postcss-normalize-string@^5.0.1:
  version "5.0.1"
  resolved "https://registry.yarnpkg.com/postcss-normalize-string/-/postcss-normalize-string-5.0.1.tgz#d9eafaa4df78c7a3b973ae346ef0e47c554985b0"
  integrity sha512-Ic8GaQ3jPMVl1OEn2U//2pm93AXUcF3wz+OriskdZ1AOuYV25OdgS7w9Xu2LO5cGyhHCgn8dMXh9bO7vi3i9pA==
  dependencies:
    postcss-value-parser "^4.1.0"

postcss-normalize-timing-functions@^5.0.1:
  version "5.0.1"
  resolved "https://registry.yarnpkg.com/postcss-normalize-timing-functions/-/postcss-normalize-timing-functions-5.0.1.tgz#8ee41103b9130429c6cbba736932b75c5e2cb08c"
  integrity sha512-cPcBdVN5OsWCNEo5hiXfLUnXfTGtSFiBU9SK8k7ii8UD7OLuznzgNRYkLZow11BkQiiqMcgPyh4ZqXEEUrtQ1Q==
  dependencies:
    cssnano-utils "^2.0.1"
    postcss-value-parser "^4.1.0"

postcss-normalize-unicode@^5.0.1:
  version "5.0.1"
  resolved "https://registry.yarnpkg.com/postcss-normalize-unicode/-/postcss-normalize-unicode-5.0.1.tgz#82d672d648a411814aa5bf3ae565379ccd9f5e37"
  integrity sha512-kAtYD6V3pK0beqrU90gpCQB7g6AOfP/2KIPCVBKJM2EheVsBQmx/Iof+9zR9NFKLAx4Pr9mDhogB27pmn354nA==
  dependencies:
    browserslist "^4.16.0"
    postcss-value-parser "^4.1.0"

postcss-normalize-url@^5.0.2:
  version "5.0.2"
  resolved "https://registry.yarnpkg.com/postcss-normalize-url/-/postcss-normalize-url-5.0.2.tgz#ddcdfb7cede1270740cf3e4dfc6008bd96abc763"
  integrity sha512-k4jLTPUxREQ5bpajFQZpx8bCF2UrlqOTzP9kEqcEnOfwsRshWs2+oAFIHfDQB8GO2PaUaSE0NlTAYtbluZTlHQ==
  dependencies:
    is-absolute-url "^3.0.3"
    normalize-url "^6.0.1"
    postcss-value-parser "^4.1.0"

postcss-normalize-whitespace@^5.0.1:
  version "5.0.1"
  resolved "https://registry.yarnpkg.com/postcss-normalize-whitespace/-/postcss-normalize-whitespace-5.0.1.tgz#b0b40b5bcac83585ff07ead2daf2dcfbeeef8e9a"
  integrity sha512-iPklmI5SBnRvwceb/XH568yyzK0qRVuAG+a1HFUsFRf11lEJTiQQa03a4RSCQvLKdcpX7XsI1Gen9LuLoqwiqA==
  dependencies:
    postcss-value-parser "^4.1.0"

postcss-ordered-values@^5.0.2:
  version "5.0.2"
  resolved "https://registry.yarnpkg.com/postcss-ordered-values/-/postcss-ordered-values-5.0.2.tgz#1f351426977be00e0f765b3164ad753dac8ed044"
  integrity sha512-8AFYDSOYWebJYLyJi3fyjl6CqMEG/UVworjiyK1r573I56kb3e879sCJLGvR3merj+fAdPpVplXKQZv+ey6CgQ==
  dependencies:
    cssnano-utils "^2.0.1"
    postcss-value-parser "^4.1.0"

postcss-reduce-initial@^5.0.1:
  version "5.0.1"
  resolved "https://registry.yarnpkg.com/postcss-reduce-initial/-/postcss-reduce-initial-5.0.1.tgz#9d6369865b0f6f6f6b165a0ef5dc1a4856c7e946"
  integrity sha512-zlCZPKLLTMAqA3ZWH57HlbCjkD55LX9dsRyxlls+wfuRfqCi5mSlZVan0heX5cHr154Dq9AfbH70LyhrSAezJw==
  dependencies:
    browserslist "^4.16.0"
    caniuse-api "^3.0.0"

postcss-reduce-transforms@^5.0.1:
  version "5.0.1"
  resolved "https://registry.yarnpkg.com/postcss-reduce-transforms/-/postcss-reduce-transforms-5.0.1.tgz#93c12f6a159474aa711d5269923e2383cedcf640"
  integrity sha512-a//FjoPeFkRuAguPscTVmRQUODP+f3ke2HqFNgGPwdYnpeC29RZdCBvGRGTsKpMURb/I3p6jdKoBQ2zI+9Q7kA==
  dependencies:
    cssnano-utils "^2.0.1"
    postcss-value-parser "^4.1.0"

postcss-selector-parser@^6.0.2, postcss-selector-parser@^6.0.4, postcss-selector-parser@^6.0.5:
  version "6.0.6"
  resolved "https://registry.yarnpkg.com/postcss-selector-parser/-/postcss-selector-parser-6.0.6.tgz#2c5bba8174ac2f6981ab631a42ab0ee54af332ea"
  integrity sha512-9LXrvaaX3+mcv5xkg5kFwqSzSH1JIObIx51PrndZwlmznwXRfxMddDvo9gve3gVR8ZTKgoFDdWkbRFmEhT4PMg==
  dependencies:
    cssesc "^3.0.0"
    util-deprecate "^1.0.2"

postcss-svgo@^5.0.2:
  version "5.0.2"
  resolved "https://registry.yarnpkg.com/postcss-svgo/-/postcss-svgo-5.0.2.tgz#bc73c4ea4c5a80fbd4b45e29042c34ceffb9257f"
  integrity sha512-YzQuFLZu3U3aheizD+B1joQ94vzPfE6BNUcSYuceNxlVnKKsOtdo6hL9/zyC168Q8EwfLSgaDSalsUGa9f2C0A==
  dependencies:
    postcss-value-parser "^4.1.0"
    svgo "^2.3.0"

postcss-unique-selectors@^5.0.1:
  version "5.0.1"
  resolved "https://registry.yarnpkg.com/postcss-unique-selectors/-/postcss-unique-selectors-5.0.1.tgz#3be5c1d7363352eff838bd62b0b07a0abad43bfc"
  integrity sha512-gwi1NhHV4FMmPn+qwBNuot1sG1t2OmacLQ/AX29lzyggnjd+MnVD5uqQmpXO3J17KGL2WAxQruj1qTd3H0gG/w==
  dependencies:
    alphanum-sort "^1.0.2"
    postcss-selector-parser "^6.0.5"
    uniqs "^2.0.0"

postcss-value-parser@^4.0.2, postcss-value-parser@^4.1.0:
  version "4.1.0"
  resolved "https://registry.yarnpkg.com/postcss-value-parser/-/postcss-value-parser-4.1.0.tgz#443f6a20ced6481a2bda4fa8532a6e55d789a2cb"
  integrity sha512-97DXOFbQJhk71ne5/Mt6cOu6yxsSfM0QGQyl0L25Gca4yGWEGJaig7l7gbCX623VqTBNGLRLaVUCnNkcedlRSQ==

postcss@^8.2.15:
  version "8.3.6"
  resolved "https://registry.yarnpkg.com/postcss/-/postcss-8.3.6.tgz#2730dd76a97969f37f53b9a6096197be311cc4ea"
  integrity sha512-wG1cc/JhRgdqB6WHEuyLTedf3KIRuD0hG6ldkFEZNCjRxiC+3i6kkWUUbiJQayP28iwG35cEmAbe98585BYV0A==
  dependencies:
    colorette "^1.2.2"
    nanoid "^3.1.23"
    source-map-js "^0.6.2"

source-map-js@^0.6.2:
  version "0.6.2"
  resolved "https://registry.yarnpkg.com/source-map-js/-/source-map-js-0.6.2.tgz#0bb5de631b41cfbda6cfba8bd05a80efdfd2385e"
  integrity sha512-/3GptzWzu0+0MBQFrDKzw/DvvMTUORvgY6k6jd/VS6iCR4RDTKWH6v6WPwQoUO8667uQEf9Oe38DxAYWY5F/Ug==

source-map@^0.6.1:
  version "0.6.1"
  resolved "https://registry.yarnpkg.com/source-map/-/source-map-0.6.1.tgz#74722af32e9614e9c287a8d0bbde48b5e2f1a263"
  integrity sha512-UjgapumWlbMhkBgzT7Ykc5YXUT46F0iKu8SGXq0bcwP5dz/h0Plj6enJqjz1Zbq2l5WaqYnrVbwWOWMyF3F47g==

stable@^0.1.8:
  version "0.1.8"
  resolved "https://registry.yarnpkg.com/stable/-/stable-0.1.8.tgz#836eb3c8382fe2936feaf544631017ce7d47a3cf"
  integrity sha512-ji9qxRnOVfcuLDySj9qzhGSEFVobyt1kIOSkj1qZzYLzq7Tos/oUUWvotUPQLlrsidqsK6tBH89Bc9kL5zHA6w==

stylehacks@^5.0.1:
  version "5.0.1"
  resolved "https://registry.yarnpkg.com/stylehacks/-/stylehacks-5.0.1.tgz#323ec554198520986806388c7fdaebc38d2c06fb"
  integrity sha512-Es0rVnHIqbWzveU1b24kbw92HsebBepxfcqe5iix7t9j0PQqhs0IxXVXv0pY2Bxa08CgMkzD6OWql7kbGOuEdA==
  dependencies:
    browserslist "^4.16.0"
    postcss-selector-parser "^6.0.4"

svgo@^2.3.0:
  version "2.6.1"
  resolved "https://registry.yarnpkg.com/svgo/-/svgo-2.6.1.tgz#60b613937e0081028cffc2369090e366b08f1f0e"
  integrity sha512-SDo274ymyG1jJ3HtCr3hkfwS8NqWdF0fMr6xPlrJ5y2QMofsQxIEFWgR1epwb197teKGgnZbzozxvJyIeJpE2Q==
  dependencies:
    "@trysound/sax" "0.2.0"
    colorette "^1.4.0"
    commander "^7.2.0"
    css-select "^4.1.3"
    css-tree "^1.1.3"
    csso "^4.2.0"
    stable "^0.1.8"

timsort@^0.3.0:
  version "0.3.0"
  resolved "https://registry.yarnpkg.com/timsort/-/timsort-0.3.0.tgz#405411a8e7e6339fe64db9a234de11dc31e02bd4"
  integrity sha1-QFQRqOfmM5/mTbmiNN4R3DHgK9Q=

uniqs@^2.0.0:
  version "2.0.0"
  resolved "https://registry.yarnpkg.com/uniqs/-/uniqs-2.0.0.tgz#ffede4b36b25290696e6e165d4a59edb998e6b02"
  integrity sha1-/+3ks2slKQaW5uFl1KWe25mOawI=

util-deprecate@^1.0.2:
  version "1.0.2"
  resolved "https://registry.yarnpkg.com/util-deprecate/-/util-deprecate-1.0.2.tgz#450d4dc9fa70de732762fbd2d4a28981419a0ccf"
  integrity sha1-RQ1Nyfpw3nMnYvvS1KKJgUGaDM8=

vendors@^1.0.3:
  version "1.0.4"
  resolved "https://registry.yarnpkg.com/vendors/-/vendors-1.0.4.tgz#e2b800a53e7a29b93506c3cf41100d16c4c4ad8e"
  integrity sha512-/juG65kTL4Cy2su4P8HjtkTxk6VmJDiOPBufWniqQ6wknac6jNiXS9vU+hO3wgusiyqWlzTbVHi0dyJqRONg3w==

yaml@^1.10.2:
  version "1.10.2"
  resolved "https://registry.yarnpkg.com/yaml/-/yaml-1.10.2.tgz#2301c5ffbf12b467de8da2333a459e29e7920e4b"
  integrity sha512-r3vXyErRCYJ7wg28yvBY5VSoAF8ZvlcW9/BwUzEtUsjvX/DKs24dIkuwjtuprwJJHsbyUbLApepYTR1BN4uHrg==
